
Microsoft Visual Studio Solution File, Format Version 12.00
# Visual Studio Version 16
VisualStudioVersion = 16.0.28705.295
MinimumVisualStudioVersion = 10.0.40219.1
Project("{FAE04EC0-301F-11D3-BF4B-00C04F79EFBC}") = "RandomPassword", "RandomPassword\RandomPassword.csproj", "{D2A57E65-1A44-454C-BED8-8EA49D6B0E3C}"
EndProject
Global
	GlobalSection(SolutionConfigurationPlatforms) = preSolution
		Debug|Any CPU = Debug|Any CPU
		Release|Any CPU = Release|Any CPU
	EndGlobalSection
	GlobalSection(ProjectConfigurationPlatforms) = postSolution
		{D2A57E65-1A44-454C-BED8-8EA49D6B0E3C}.Debug|Any CPU.ActiveCfg = Debug|Any CPU
		{D2A57E65-1A44-454C-BED8-8EA49D6B0E3C}.Debug|Any CPU.Build.0 = Debug|Any CPU
		{D2A57E65-1A44-454C-BED8-8EA49D6B0E3C}.Release|Any CPU.ActiveCfg = Release|Any CPU
		{D2A57E65-1A44-454C-BED8-8EA49D6B0E3C}.Release|Any CPU.Build.0 = Release|Any CPU
	EndGlobalSection
	GlobalSection(SolutionProperties) = preSolution
		HideSolutionNode = FALSE
	EndGlobalSection
	GlobalSection(ExtensibilityGlobals) = postSolution
		SolutionGuid = {CDF554B3-A210-4107-9775-73C11F378018}
	EndGlobalSection
EndGlobal
